// !$*UTF8*$!
{
	archiveVersion = 1;
	classes = {
	};
	objectVersion = 50;
	objects = {

/* Begin PBXBuildFile section */
		794C0620237F4C4500CE7B7F /* profanity.json in Resources */ = {isa = PBXBuildFile; fileRef = 794C061F237F4C4500CE7B7F /* profanity.json */; };
		7965FFA8237F44A90014A66B /* AppDelegate.swift in Sources */ = {isa = PBXBuildFile; fileRef = 7965FFA7237F44A90014A66B /* AppDelegate.swift */; };
		7965FFAA237F44A90014A66B /* SceneDelegate.swift in Sources */ = {isa = PBXBuildFile; fileRef = 7965FFA9237F44A90014A66B /* SceneDelegate.swift */; };
		7965FFAC237F44A90014A66B /* ViewController.swift in Sources */ = {isa = PBXBuildFile; fileRef = 7965FFAB237F44A90014A66B /* ViewController.swift */; };
		7965FFB1237F44AC0014A66B /* Assets.xcassets in Resources */ = {isa = PBXBuildFile; fileRef = 7965FFB0237F44AC0014A66B /* Assets.xcassets */; };
		7965FFB4237F44AC0014A66B /* LaunchScreen.storyboard in Resources */ = {isa = PBXBuildFile; fileRef = 7965FFB2237F44AC0014A66B /* LaunchScreen.storyboard */; };
		7965FFBF237F44AD0014A66B /* XProfinatyInspectorTests.swift in Sources */ = {isa = PBXBuildFile; fileRef = 7965FFBE237F44AD0014A66B /* XProfinatyInspectorTests.swift */; };
		7965FFCA237F45E40014A66B /* Constructor.swift in Sources */ = {isa = PBXBuildFile; fileRef = 7965FFC9237F45E40014A66B /* Constructor.swift */; };
		7965FFCF237F46D80014A66B /* XProfinatyInspector.swift in Sources */ = {isa = PBXBuildFile; fileRef = 7965FFCE237F46D80014A66B /* XProfinatyInspector.swift */; };
/* End PBXBuildFile section */

/* Begin PBXContainerItemProxy section */
		7965FFBB237F44AD0014A66B /* PBXContainerItemProxy */ = {
			isa = PBXContainerItemProxy;
			containerPortal = 7965FF9C237F44A90014A66B /* Project object */;
			proxyType = 1;
			remoteGlobalIDString = 7965FFA3237F44A90014A66B;
			remoteInfo = XProfinatyInspector;
		};
/* End PBXContainerItemProxy section */

/* Begin PBXFileReference section */
		794C061F237F4C4500CE7B7F /* profanity.json */ = {isa = PBXFileReference; lastKnownFileType = text.json; path = profanity.json; sourceTree = "<group>"; };
		7965FFA4237F44A90014A66B /* XProfinatyInspector.app */ = {isa = PBXFileReference; explicitFileType = wrapper.application; includeInIndex = 0; path = XProfinatyInspector.app; sourceTree = BUILT_PRODUCTS_DIR; };
		7965FFA7237F44A90014A66B /* AppDelegate.swift */ = {isa = PBXFileReference; lastKnownFileType = sourcecode.swift; path = AppDelegate.swift; sourceTree = "<group>"; };
		7965FFA9237F44A90014A66B /* SceneDelegate.swift */ = {isa = PBXFileReference; lastKnownFileType = sourcecode.swift; path = SceneDelegate.swift; sourceTree = "<group>"; };
		7965FFAB237F44A90014A66B /* ViewController.swift */ = {isa = PBXFileReference; lastKnownFileType = sourcecode.swift; path = ViewController.swift; sourceTree = "<group>"; };
		7965FFB0237F44AC0014A66B /* Assets.xcassets */ = {isa = PBXFileReference; lastKnownFileType = folder.assetcatalog; path = Assets.xcassets; sourceTree = "<group>"; };
		7965FFB3237F44AC0014A66B /* Base */ = {isa = PBXFileReference; lastKnownFileType = file.storyboard; name = Base; path = Base.lproj/LaunchScreen.storyboard; sourceTree = "<group>"; };
		7965FFB5237F44AC0014A66B /* Info.plist */ = {isa = PBXFileReference; lastKnownFileType = text.plist.xml; path = Info.plist; sourceTree = "<group>"; };
		7965FFBA237F44AD0014A66B /* XProfinatyInspectorTests.xctest */ = {isa = PBXFileReference; explicitFileType = wrapper.cfbundle; includeInIndex = 0; path = XProfinatyInspectorTests.xctest; sourceTree = BUILT_PRODUCTS_DIR; };
		7965FFBE237F44AD0014A66B /* XProfinatyInspectorTests.swift */ = {isa = PBXFileReference; lastKnownFileType = sourcecode.swift; path = XProfinatyInspectorTests.swift; sourceTree = "<group>"; };
		7965FFC0237F44AD0014A66B /* Info.plist */ = {isa = PBXFileReference; lastKnownFileType = text.plist.xml; path = Info.plist; sourceTree = "<group>"; };
		7965FFC9237F45E40014A66B /* Constructor.swift */ = {isa = PBXFileReference; lastKnownFileType = sourcecode.swift; path = Constructor.swift; sourceTree = "<group>"; };
		7965FFCE237F46D80014A66B /* XProfinatyInspector.swift */ = {isa = PBXFileReference; lastKnownFileType = sourcecode.swift; path = XProfinatyInspector.swift; sourceTree = "<group>"; };
/* End PBXFileReference section */

/* Begin PBXFrameworksBuildPhase section */
		7965FFA1237F44A90014A66B /* Frameworks */ = {
			isa = PBXFrameworksBuildPhase;
			buildActionMask = 2147483647;
			files = (
			);
			runOnlyForDeploymentPostprocessing = 0;
		};
		7965FFB7237F44AD0014A66B /* Frameworks */ = {
			isa = PBXFrameworksBuildPhase;
			buildActionMask = 2147483647;
			files = (
			);
			runOnlyForDeploymentPostprocessing = 0;
		};
/* End PBXFrameworksBuildPhase section */

/* Begin PBXGroup section */
		7965FF9B237F44A90014A66B = {
			isa = PBXGroup;
			children = (
				7965FFA6237F44A90014A66B /* XProfinatyInspector */,
				7965FFBD237F44AD0014A66B /* XProfinatyInspectorTests */,
				7965FFA5237F44A90014A66B /* Products */,
			);
			sourceTree = "<group>";
		};
		7965FFA5237F44A90014A66B /* Products */ = {
			isa = PBXGroup;
			children = (
				7965FFA4237F44A90014A66B /* XProfinatyInspector.app */,
				7965FFBA237F44AD0014A66B /* XProfinatyInspectorTests.xctest */,
			);
			name = Products;
			sourceTree = "<group>";
		};
		7965FFA6237F44A90014A66B /* XProfinatyInspector */ = {
			isa = PBXGroup;
			children = (
				7965FFD2237F485C0014A66B /* Resource */,
				7965FFCD237F46BF0014A66B /* Source */,
				7965FFCC237F46BB0014A66B /* Demo */,
				7965FFB0237F44AC0014A66B /* Assets.xcassets */,
				7965FFB2237F44AC0014A66B /* LaunchScreen.storyboard */,
				7965FFB5237F44AC0014A66B /* Info.plist */,
			);
			path = XProfinatyInspector;
			sourceTree = "<group>";
		};
		7965FFBD237F44AD0014A66B /* XProfinatyInspectorTests */ = {
			isa = PBXGroup;
			children = (
				7965FFBE237F44AD0014A66B /* XProfinatyInspectorTests.swift */,
				7965FFC0237F44AD0014A66B /* Info.plist */,
			);
			path = XProfinatyInspectorTests;
			sourceTree = "<group>";
		};
		7965FFCC237F46BB0014A66B /* Demo */ = {
			isa = PBXGroup;
			children = (
				7965FFC9237F45E40014A66B /* Constructor.swift */,
				7965FFA7237F44A90014A66B /* AppDelegate.swift */,
				7965FFA9237F44A90014A66B /* SceneDelegate.swift */,
				7965FFAB237F44A90014A66B /* ViewController.swift */,
			);
			path = Demo;
			sourceTree = "<group>";
		};
		7965FFCD237F46BF0014A66B /* Source */ = {
			isa = PBXGroup;
			children = (
				7965FFCE237F46D80014A66B /* XProfinatyInspector.swift */,
			);
			path = Source;
			sourceTree = "<group>";
		};
		7965FFD2237F485C0014A66B /* Resource */ = {
			isa = PBXGroup;
			children = (
				794C061F237F4C4500CE7B7F /* profanity.json */,
			);
			path = Resource;
			sourceTree = "<group>";
		};
/* End PBXGroup section */

/* Begin PBXNativeTarget section */
		7965FFA3237F44A90014A66B /* XProfinatyInspector */ = {
			isa = PBXNativeTarget;
			buildConfigurationList = 7965FFC3237F44AD0014A66B /* Build configuration list for PBXNativeTarget "XProfinatyInspector" */;
			buildPhases = (
				7965FFA0237F44A90014A66B /* Sources */,
				7965FFA1237F44A90014A66B /* Frameworks */,
				7965FFA2237F44A90014A66B /* Resources */,
			);
			buildRules = (
			);
			dependencies = (
			);
			name = XProfinatyInspector;
			productName = XProfinatyInspector;
			productReference = 7965FFA4237F44A90014A66B /* XProfinatyInspector.app */;
			productType = "com.apple.product-type.application";
		};
		7965FFB9237F44AD0014A66B /* XProfinatyInspectorTests */ = {
			isa = PBXNativeTarget;
			buildConfigurationList = 7965FFC6237F44AD0014A66B /* Build configuration list for PBXNativeTarget "XProfinatyInspectorTests" */;
			buildPhases = (
				7965FFB6237F44AD0014A66B /* Sources */,
				7965FFB7237F44AD0014A66B /* Frameworks */,
				7965FFB8237F44AD0014A66B /* Resources */,
			);
			buildRules = (
			);
			dependencies = (
				7965FFBC237F44AD0014A66B /* PBXTargetDependency */,
			);
			name = XProfinatyInspectorTests;
			productName = XProfinatyInspectorTests;
			productReference = 7965FFBA237F44AD0014A66B /* XProfinatyInspectorTests.xctest */;
			productType = "com.apple.product-type.bundle.unit-test";
		};
/* End PBXNativeTarget section */

/* Begin PBXProject section */
		7965FF9C237F44A90014A66B /* Project object */ = {
			isa = PBXProject;
			attributes = {
				LastSwiftUpdateCheck = 1120;
				LastUpgradeCheck = 1120;
				ORGANIZATIONNAME = "Vinicius Mangueira";
				TargetAttributes = {
					7965FFA3237F44A90014A66B = {
						CreatedOnToolsVersion = 11.2.1;
					};
					7965FFB9237F44AD0014A66B = {
						CreatedOnToolsVersion = 11.2.1;
						TestTargetID = 7965FFA3237F44A90014A66B;
					};
				};
			};
			buildConfigurationList = 7965FF9F237F44A90014A66B /* Build configuration list for PBXProject "XProfinatyInspector" */;
			compatibilityVersion = "Xcode 9.3";
			developmentRegion = en;
			hasScannedForEncodings = 0;
			knownRegions = (
				en,
				Base,
			);
			mainGroup = 7965FF9B237F44A90014A66B;
			productRefGroup = 7965FFA5237F44A90014A66B /* Products */;
			projectDirPath = "";
			projectRoot = "";
			targets = (
				7965FFA3237F44A90014A66B /* XProfinatyInspector */,
				7965FFB9237F44AD0014A66B /* XProfinatyInspectorTests */,
			);
		};
/* End PBXProject section */

/* Begin PBXResourcesBuildPhase section */
		7965FFA2237F44A90014A66B /* Resources */ = {
			isa = PBXResourcesBuildPhase;
			buildActionMask = 2147483647;
			files = (
				794C0620237F4C4500CE7B7F /* profanity.json in Resources */,
				7965FFB4237F44AC0014A66B /* LaunchScreen.storyboard in Resources */,
				7965FFB1237F44AC0014A66B /* Assets.xcassets in Resources */,
			);
			runOnlyForDeploymentPostprocessing = 0;
		};
		7965FFB8237F44AD0014A66B /* Resources */ = {
			isa = PBXResourcesBuildPhase;
			buildActionMask = 2147483647;
			files = (
			);
			runOnlyForDeploymentPostprocessing = 0;
		};
/* End PBXResourcesBuildPhase section */

/* Begin PBXSourcesBuildPhase section */
		7965FFA0237F44A90014A66B /* Sources */ = {
			isa = PBXSourcesBuildPhase;
			buildActionMask = 2147483647;
			files = (
				7965FFAC237F44A90014A66B /* ViewController.swift in Sources */,
				7965FFA8237F44A90014A66B /* AppDelegate.swift in Sources */,
				7965FFCA237F45E40014A66B /* Constructor.swift in Sources */,
				7965FFCF237F46D80014A66B /* XProfinatyInspector.swift in Sources */,
				7965FFAA237F44A90014A66B /* SceneDelegate.swift in Sources */,
			);
			runOnlyForDeploymentPostprocessing = 0;
		};
		7965FFB6237F44AD0014A66B /* Sources */ = {
			isa = PBXSourcesBuildPhase;
			buildActionMask = 2147483647;
			files = (
				7965FFBF237F44AD0014A66B /* XProfinatyInspectorTests.swift in Sources */,
			);
			runOnlyForDeploymentPostprocessing = 0;
		};
/* End PBXSourcesBuildPhase section */

/* Begin PBXTargetDependency section */
		7965FFBC237F44AD0014A66B /* PBXTargetDependency */ = {
			isa = PBXTargetDependency;
			target = 7965FFA3237F44A90014A66B /* XProfinatyInspector */;
			targetProxy = 7965FFBB237F44AD0014A66B /* PBXContainerItemProxy */;
		};
/* End PBXTargetDependency section */

/* Begin PBXVariantGroup section */
		7965FFB2237F44AC0014A66B /* LaunchScreen.storyboard */ = {
			isa = PBXVariantGroup;
			children = (
				7965FFB3237F44AC0014A66B /* Base */,
			);
			name = LaunchScreen.storyboard;
			sourceTree = "<group>";
		};
/* End PBXVariantGroup section */

/* Begin XCBuildConfiguration section */
		7965FFC1237F44AD0014A66B /* Debug */ = {
			isa = XCBuildConfiguration;
			buildSettings = {
				ALWAYS_SEARCH_USER_PATHS = NO;
				CLANG_ANALYZER_NONNULL = YES;
				CLANG_ANALYZER_NUMBER_OBJECT_CONVERSION = YES_AGGRESSIVE;
				CLANG_CXX_LANGUAGE_STANDARD = "gnu++14";
				CLANG_CXX_LIBRARY = "libc++";
				CLANG_ENABLE_MODULES = YES;
				CLANG_ENABLE_OBJC_ARC = YES;
				CLANG_ENABLE_OBJC_WEAK = YES;
				CLANG_WARN_BLOCK_CAPTURE_AUTORELEASING = YES;
				CLANG_WARN_BOOL_CONVERSION = YES;
				CLANG_WARN_COMMA = YES;
				CLANG_WARN_CONSTANT_CONVERSION = YES;
				CLANG_WARN_DEPRECATED_OBJC_IMPLEMENTATIONS = YES;
				CLANG_WARN_DIRECT_OBJC_ISA_USAGE = YES_ERROR;
				CLANG_WARN_DOCUMENTATION_COMMENTS = YES;
				CLANG_WARN_EMPTY_BODY = YES;
				CLANG_WARN_ENUM_CONVERSION = YES;
				CLANG_WARN_INFINITE_RECURSION = YES;
				CLANG_WARN_INT_CONVERSION = YES;
				CLANG_WARN_NON_LITERAL_NULL_CONVERSION = YES;
				CLANG_WARN_OBJC_IMPLICIT_RETAIN_SELF = YES;
				CLANG_WARN_OBJC_LITERAL_CONVERSION = YES;
				CLANG_WARN_OBJC_ROOT_CLASS = YES_ERROR;
				CLANG_WARN_RANGE_LOOP_ANALYSIS = YES;
				CLANG_WARN_STRICT_PROTOTYPES = YES;
				CLANG_WARN_SUSPICIOUS_MOVE = YES;
				CLANG_WARN_UNGUARDED_AVAILABILITY = YES_AGGRESSIVE;
				CLANG_WARN_UNREACHABLE_CODE = YES;
				CLANG_WARN__DUPLICATE_METHOD_MATCH = YES;
				COPY_PHASE_STRIP = NO;
				DEBUG_INFORMATION_FORMAT = dwarf;
				ENABLE_STRICT_OBJC_MSGSEND = YES;
				ENABLE_TESTABILITY = YES;
				GCC_C_LANGUAGE_STANDARD = gnu11;
				GCC_DYNAMIC_NO_PIC = NO;
				GCC_NO_COMMON_BLOCKS = YES;
				GCC_OPTIMIZATION_LEVEL = 0;
				GCC_PREPROCESSOR_DEFINITIONS = (
					"DEBUG=1",
					"$(inherited)",
				);
				GCC_WARN_64_TO_32_BIT_CONVERSION = YES;
				GCC_WARN_ABOUT_RETURN_TYPE = YES_ERROR;
				GCC_WARN_UNDECLARED_SELECTOR = YES;
				GCC_WARN_UNINITIALIZED_AUTOS = YES_AGGRESSIVE;
				GCC_WARN_UNUSED_FUNCTION = YES;
				GCC_WARN_UNUSED_VARIABLE = YES;
				IPHONEOS_DEPLOYMENT_TARGET = 13.2;
				MTL_ENABLE_DEBUG_INFO = INCLUDE_SOURCE;
				MTL_FAST_MATH = YES;
				ONLY_ACTIVE_ARCH = YES;
				SDKROOT = iphoneos;
				SWIFT_ACTIVE_COMPILATION_CONDITIONS = DEBUG;
				SWIFT_OPTIMIZATION_LEVEL = "-Onone";
			};
			name = Debug;
		};
		7965FFC2237F44AD0014A66B /* Release */ = {
			isa = XCBuildConfiguration;
			buildSettings = {
				ALWAYS_SEARCH_USER_PATHS = NO;
				CLANG_ANALYZER_NONNULL = YES;
				CLANG_ANALYZER_NUMBER_OBJECT_CONVERSION = YES_AGGRESSIVE;
				CLANG_CXX_LANGUAGE_STANDARD = "gnu++14";
				CLANG_CXX_LIBRARY = "libc++";
				CLANG_ENABLE_MODULES = YES;
				CLANG_ENABLE_OBJC_ARC = YES;
				CLANG_ENABLE_OBJC_WEAK = YES;
				CLANG_WARN_BLOCK_CAPTURE_AUTORELEASING = YES;
				CLANG_WARN_BOOL_CONVERSION = YES;
				CLANG_WARN_COMMA = YES;
				CLANG_WARN_CONSTANT_CONVERSION = YES;
				CLANG_WARN_DEPRECATED_OBJC_IMPLEMENTATIONS = YES;
				CLANG_WARN_DIRECT_OBJC_ISA_USAGE = YES_ERROR;
				CLANG_WARN_DOCUMENTATION_COMMENTS = YES;
				CLANG_WARN_EMPTY_BODY = YES;
				CLANG_WARN_ENUM_CONVERSION = YES;
				CLANG_WARN_INFINITE_RECURSION = YES;
				CLANG_WARN_INT_CONVERSION = YES;
				CLANG_WARN_NON_LITERAL_NULL_CONVERSION = YES;
				CLANG_WARN_OBJC_IMPLICIT_RETAIN_SELF = YES;
				CLANG_WARN_OBJC_LITERAL_CONVERSION = YES;
				CLANG_WARN_OBJC_ROOT_CLASS = YES_ERROR;
				CLANG_WARN_RANGE_LOOP_ANALYSIS = YES;
				CLANG_WARN_STRICT_PROTOTYPES = YES;
				CLANG_WARN_SUSPICIOUS_MOVE = YES;
				CLANG_WARN_UNGUARDED_AVAILABILITY = YES_AGGRESSIVE;
				CLANG_WARN_UNREACHABLE_CODE = YES;
				CLANG_WARN__DUPLICATE_METHOD_MATCH = YES;
				COPY_PHASE_STRIP = NO;
				DEBUG_INFORMATION_FORMAT = "dwarf-with-dsym";
				ENABLE_NS_ASSERTIONS = NO;
				ENABLE_STRICT_OBJC_MSGSEND = YES;
				GCC_C_LANGUAGE_STANDARD = gnu11;
				GCC_NO_COMMON_BLOCKS = YES;
				GCC_WARN_64_TO_32_BIT_CONVERSION = YES;
				GCC_WARN_ABOUT_RETURN_TYPE = YES_ERROR;
				GCC_WARN_UNDECLARED_SELECTOR = YES;
				GCC_WARN_UNINITIALIZED_AUTOS = YES_AGGRESSIVE;
				GCC_WARN_UNUSED_FUNCTION = YES;
				GCC_WARN_UNUSED_VARIABLE = YES;
				IPHONEOS_DEPLOYMENT_TARGET = 13.2;
				MTL_ENABLE_DEBUG_INFO = NO;
				MTL_FAST_MATH = YES;
				SDKROOT = iphoneos;
				SWIFT_COMPILATION_MODE = wholemodule;
				SWIFT_OPTIMIZATION_LEVEL = "-O";
				VALIDATE_PRODUCT = YES;
			};
			name = Release;
		};
		7965FFC4237F44AD0014A66B /* Debug */ = {
			isa = XCBuildConfiguration;
			buildSettings = {
				ASSETCATALOG_COMPILER_APPICON_NAME = AppIcon;
				CODE_SIGN_STYLE = Automatic;
				DEVELOPMENT_TEAM = F6FYGZ29HL;
				INFOPLIST_FILE = XProfinatyInspector/Info.plist;
				LD_RUNPATH_SEARCH_PATHS = (
					"$(inherited)",
					"@executable_path/Frameworks",
				);
				PRODUCT_BUNDLE_IDENTIFIER = com.academy.XProfinatyInspector;
				PRODUCT_NAME = "$(TARGET_NAME)";
				SWIFT_VERSION = 5.0;
				TARGETED_DEVICE_FAMILY = "1,2";
			};
			name = Debug;
		};
		7965FFC5237F44AD0014A66B /* Release */ = {
			isa = XCBuildConfiguration;
			buildSettings = {
				ASSETCATALOG_COMPILER_APPICON_NAME = AppIcon;
				CODE_SIGN_STYLE = Automatic;
				DEVELOPMENT_TEAM = F6FYGZ29HL;
				INFOPLIST_FILE = XProfinatyInspector/Info.plist;
				LD_RUNPATH_SEARCH_PATHS = (
					"$(inherited)",
					"@executable_path/Frameworks",
				);
				PRODUCT_BUNDLE_IDENTIFIER = com.academy.XProfinatyInspector;
				PRODUCT_NAME = "$(TARGET_NAME)";
				SWIFT_VERSION = 5.0;
				TARGETED_DEVICE_FAMILY = "1,2";
			};
			name = Release;
		};
		7965FFC7237F44AD0014A66B /* Debug */ = {
			isa = XCBuildConfiguration;
			buildSettings = {
				ALWAYS_EMBED_SWIFT_STANDARD_LIBRARIES = YES;
				BUNDLE_LOADER = "$(TEST_HOST)";
				CODE_SIGN_STYLE = Automatic;
				DEVELOPMENT_TEAM = F6FYGZ29HL;
				INFOPLIST_FILE = XProfinatyInspectorTests/Info.plist;
				IPHONEOS_DEPLOYMENT_TARGET = 13.2;
				LD_RUNPATH_SEARCH_PATHS = (
					"$(inherited)",
					"@executable_path/Frameworks",
					"@loader_path/Frameworks",
				);
				PRODUCT_BUNDLE_IDENTIFIER = com.academy.XProfinatyInspectorTests;
				PRODUCT_NAME = "$(TARGET_NAME)";
				SWIFT_VERSION = 5.0;
				TARGETED_DEVICE_FAMILY = "1,2";
				TEST_HOST = "$(BUILT_PRODUCTS_DIR)/XProfinatyInspector.app/XProfinatyInspector";
			};
			name = Debug;
		};
		7965FFC8237F44AD0014A66B /* Release */ = {
			isa = XCBuildConfiguration;
			buildSettings = {
				ALWAYS_EMBED_SWIFT_STANDARD_LIBRARIES = YES;
				BUNDLE_LOADER = "$(TEST_HOST)";
				CODE_SIGN_STYLE = Automatic;
				DEVELOPMENT_TEAM = F6FYGZ29HL;
				INFOPLIST_FILE = XProfinatyInspectorTests/Info.plist;
				IPHONEOS_DEPLOYMENT_TARGET = 13.2;
				LD_RUNPATH_SEARCH_PATHS = (
					"$(inherited)",
					"@executable_path/Frameworks",
					"@loader_path/Frameworks",
				);
				PRODUCT_BUNDLE_IDENTIFIER = com.academy.XProfinatyInspectorTests;
				PRODUCT_NAME = "$(TARGET_NAME)";
				SWIFT_VERSION = 5.0;
				TARGETED_DEVICE_FAMILY = "1,2";
				TEST_HOST = "$(BUILT_PRODUCTS_DIR)/XProfinatyInspector.app/XProfinatyInspector";
			};
			name = Release;
		};
/* End XCBuildConfiguration section */

/* Begin XCConfigurationList section */
		7965FF9F237F44A90014A66B /* Build configuration list for PBXProject "XProfinatyInspector" */ = {
			isa = XCConfigurationList;
			buildConfigurations = (
				7965FFC1237F44AD0014A66B /* Debug */,
				7965FFC2237F44AD0014A66B /* Release */,
			);
			defaultConfigurationIsVisible = 0;
			defaultConfigurationName = Release;
		};
		7965FFC3237F44AD0014A66B /* Build configuration list for PBXNativeTarget "XProfinatyInspector" */ = {
			isa = XCConfigurationList;
			buildConfigurations = (
				7965FFC4237F44AD0014A66B /* Debug */,
				7965FFC5237F44AD0014A66B /* Release */,
			);
			defaultConfigurationIsVisible = 0;
			defaultConfigurationName = Release;
		};
		7965FFC6237F44AD0014A66B /* Build configuration list for PBXNativeTarget "XProfinatyInspectorTests" */ = {
			isa = XCConfigurationList;
			buildConfigurations = (
				7965FFC7237F44AD0014A66B /* Debug */,
				7965FFC8237F44AD0014A66B /* Release */,
			);
			defaultConfigurationIsVisible = 0;
			defaultConfigurationName = Release;
		};
/* End XCConfigurationList section */
	};
	rootObject = 7965FF9C237F44A90014A66B /* Project object */;
}
